
Microsoft Visual Studio Solution File, Format Version 12.00
# Visual Studio Version 17
VisualStudioVersion = 17.4.33205.214
MinimumVisualStudioVersion = 10.0.40219.1
Project("{9A19103F-16F7-4668-BE54-9A1E7A4F7556}") = "BulkyWeb", "BulkyWeb\BulkyWeb.csproj", "{6F90F0ED-235D-4B6D-B965-0347808676C2}"
EndProject
Project("{9A19103F-16F7-4668-BE54-9A1E7A4F7556}") = "BulkyWebRazor_Temp", "BulkyWebRazor_Temp\BulkyWebRazor_Temp.csproj", "{6EA1F1A0-D9B2-4EDA-8A07-325D9B12FC03}"
EndProject
Global
	GlobalSection(SolutionConfigurationPlatforms) = preSolution
		Debug|Any CPU = Debug|Any CPU
		Release|Any CPU = Release|Any CPU
	EndGlobalSection
	GlobalSection(ProjectConfigurationPlatforms) = postSolution
		{6F90F0ED-235D-4B6D-B965-0347808676C2}.Debug|Any CPU.ActiveCfg = Debug|Any CPU
		{6F90F0ED-235D-4B6D-B965-0347808676C2}.Debug|Any CPU.Build.0 = Debug|Any CPU
		{6F90F0ED-235D-4B6D-B965-0347808676C2}.Release|Any CPU.ActiveCfg = Release|Any CPU
		{6F90F0ED-235D-4B6D-B965-0347808676C2}.Release|Any CPU.Build.0 = Release|Any CPU
		{6EA1F1A0-D9B2-4EDA-8A07-325D9B12FC03}.Debug|Any CPU.ActiveCfg = Debug|Any CPU
		{6EA1F1A0-D9B2-4EDA-8A07-325D9B12FC03}.Debug|Any CPU.Build.0 = Debug|Any CPU
		{6EA1F1A0-D9B2-4EDA-8A07-325D9B12FC03}.Release|Any CPU.ActiveCfg = Release|Any CPU
		{6EA1F1A0-D9B2-4EDA-8A07-325D9B12FC03}.Release|Any CPU.Build.0 = Release|Any CPU
	EndGlobalSection
	GlobalSection(SolutionProperties) = preSolution
		HideSolutionNode = FALSE
	EndGlobalSection
	GlobalSection(ExtensibilityGlobals) = postSolution
		SolutionGuid = {5CD156DA-5EFD-471C-9C20-30FADA4D6863}
	EndGlobalSection
EndGlobal
